
Microsoft Visual Studio Solution File, Format Version 12.00
# Visual Studio Version 17
VisualStudioVersion = 17.14.36429.23
MinimumVisualStudioVersion = 10.0.40219.1
Project("{FAE04EC0-301F-11D3-BF4B-00C04F79EFBC}") = "DI", "DI_TM123\DI.csproj", "{8F3295AB-6E81-4898-955E-3BB8161EE9CC}"
EndProject
Project("{FAE04EC0-301F-11D3-BF4B-00C04F79EFBC}") = "DI_EX1", "DI_EX1\DI_EX1.csproj", "{1347F63F-D0C1-4380-9D83-A82ED43397EE}"
EndProject
Project("{FAE04EC0-301F-11D3-BF4B-00C04F79EFBC}") = "DI_EX2", "DI_EX2\DI_EX2.csproj", "{659DD692-A01B-44A7-B055-46356B030075}"
EndProject
Project("{FAE04EC0-301F-11D3-BF4B-00C04F79EFBC}") = "DI_EX3", "DI_EX3\DI_EX3.csproj", "{7B8F1375-BFA0-480A-8CF0-0A5BACB84D88}"
EndProject
Project("{FAE04EC0-301F-11D3-BF4B-00C04F79EFBC}") = "DI_EX4", "DI_EX4\DI_EX4.csproj", "{06F8B0B2-E191-48BD-B7A3-367FF62D6A1F}"
EndProject
Project("{FAE04EC0-301F-11D3-BF4B-00C04F79EFBC}") = "DI_EX5", "DI_EX5\DI_EX5.csproj", "{51D7F3C1-8649-45E0-840B-C80CC99C4F70}"
EndProject
Project("{FAE04EC0-301F-11D3-BF4B-00C04F79EFBC}") = "DI_EX6", "DI_EX6\DI_EX6.csproj", "{E2E80950-3500-4C60-B4CD-3DC8D4FC1F89}"
EndProject
Project("{FAE04EC0-301F-11D3-BF4B-00C04F79EFBC}") = "DI_EX7", "DI_EX7\DI_EX7.csproj", "{B30EAEF4-407A-4F0F-BE1B-0EB2D111CCCF}"
EndProject
Project("{FAE04EC0-301F-11D3-BF4B-00C04F79EFBC}") = "DI_EX9", "DI_EX9\DI_EX9.csproj", "{413DB0C1-CED1-4929-BBE9-926A0D522B38}"
EndProject
Project("{FAE04EC0-301F-11D3-BF4B-00C04F79EFBC}") = "DI_EX10", "DI_EX10\DI_EX10.csproj", "{D68F773F-1EB3-DDFB-12CA-094E8BC94581}"
EndProject
Project("{2150E333-8FDC-42A3-9474-1A3956D46DE8}") = "DI_T123", "DI_T123", "{02EA681E-C7D8-13C7-8484-4AC65E1B71E8}"
EndProject
Project("{FAE04EC0-301F-11D3-BF4B-00C04F79EFBC}") = "DI_EX1_T4", "..\DI_EX1_T4\DI_EX1_T4.csproj", "{2C458C9C-076E-4734-96BB-B9B8C8BA682E}"
EndProject
Project("{2150E333-8FDC-42A3-9474-1A3956D46DE8}") = "DI_T4", "DI_T4", "{7D12E011-85AE-4B32-9897-70258C61D3CA}"
EndProject
Global
	GlobalSection(SolutionConfigurationPlatforms) = preSolution
		Debug|Any CPU = Debug|Any CPU
		Release|Any CPU = Release|Any CPU
	EndGlobalSection
	GlobalSection(ProjectConfigurationPlatforms) = postSolution
		{8F3295AB-6E81-4898-955E-3BB8161EE9CC}.Debug|Any CPU.ActiveCfg = Debug|Any CPU
		{8F3295AB-6E81-4898-955E-3BB8161EE9CC}.Debug|Any CPU.Build.0 = Debug|Any CPU
		{8F3295AB-6E81-4898-955E-3BB8161EE9CC}.Release|Any CPU.ActiveCfg = Release|Any CPU
		{8F3295AB-6E81-4898-955E-3BB8161EE9CC}.Release|Any CPU.Build.0 = Release|Any CPU
		{1347F63F-D0C1-4380-9D83-A82ED43397EE}.Debug|Any CPU.ActiveCfg = Debug|Any CPU
		{1347F63F-D0C1-4380-9D83-A82ED43397EE}.Debug|Any CPU.Build.0 = Debug|Any CPU
		{1347F63F-D0C1-4380-9D83-A82ED43397EE}.Release|Any CPU.ActiveCfg = Release|Any CPU
		{1347F63F-D0C1-4380-9D83-A82ED43397EE}.Release|Any CPU.Build.0 = Release|Any CPU
		{659DD692-A01B-44A7-B055-46356B030075}.Debug|Any CPU.ActiveCfg = Debug|Any CPU
		{659DD692-A01B-44A7-B055-46356B030075}.Debug|Any CPU.Build.0 = Debug|Any CPU
		{659DD692-A01B-44A7-B055-46356B030075}.Release|Any CPU.ActiveCfg = Release|Any CPU
		{659DD692-A01B-44A7-B055-46356B030075}.Release|Any CPU.Build.0 = Release|Any CPU
		{7B8F1375-BFA0-480A-8CF0-0A5BACB84D88}.Debug|Any CPU.ActiveCfg = Debug|Any CPU
		{7B8F1375-BFA0-480A-8CF0-0A5BACB84D88}.Debug|Any CPU.Build.0 = Debug|Any CPU
		{7B8F1375-BFA0-480A-8CF0-0A5BACB84D88}.Release|Any CPU.ActiveCfg = Release|Any CPU
		{7B8F1375-BFA0-480A-8CF0-0A5BACB84D88}.Release|Any CPU.Build.0 = Release|Any CPU
		{06F8B0B2-E191-48BD-B7A3-367FF62D6A1F}.Debug|Any CPU.ActiveCfg = Debug|Any CPU
		{06F8B0B2-E191-48BD-B7A3-367FF62D6A1F}.Debug|Any CPU.Build.0 = Debug|Any CPU
		{06F8B0B2-E191-48BD-B7A3-367FF62D6A1F}.Release|Any CPU.ActiveCfg = Release|Any CPU
		{06F8B0B2-E191-48BD-B7A3-367FF62D6A1F}.Release|Any CPU.Build.0 = Release|Any CPU
		{51D7F3C1-8649-45E0-840B-C80CC99C4F70}.Debug|Any CPU.ActiveCfg = Debug|Any CPU
		{51D7F3C1-8649-45E0-840B-C80CC99C4F70}.Debug|Any CPU.Build.0 = Debug|Any CPU
		{51D7F3C1-8649-45E0-840B-C80CC99C4F70}.Release|Any CPU.ActiveCfg = Release|Any CPU
		{51D7F3C1-8649-45E0-840B-C80CC99C4F70}.Release|Any CPU.Build.0 = Release|Any CPU
		{E2E80950-3500-4C60-B4CD-3DC8D4FC1F89}.Debug|Any CPU.ActiveCfg = Debug|Any CPU
		{E2E80950-3500-4C60-B4CD-3DC8D4FC1F89}.Debug|Any CPU.Build.0 = Debug|Any CPU
		{E2E80950-3500-4C60-B4CD-3DC8D4FC1F89}.Release|Any CPU.ActiveCfg = Release|Any CPU
		{E2E80950-3500-4C60-B4CD-3DC8D4FC1F89}.Release|Any CPU.Build.0 = Release|Any CPU
		{B30EAEF4-407A-4F0F-BE1B-0EB2D111CCCF}.Debug|Any CPU.ActiveCfg = Debug|Any CPU
		{B30EAEF4-407A-4F0F-BE1B-0EB2D111CCCF}.Debug|Any CPU.Build.0 = Debug|Any CPU
		{B30EAEF4-407A-4F0F-BE1B-0EB2D111CCCF}.Release|Any CPU.ActiveCfg = Release|Any CPU
		{B30EAEF4-407A-4F0F-BE1B-0EB2D111CCCF}.Release|Any CPU.Build.0 = Release|Any CPU
		{413DB0C1-CED1-4929-BBE9-926A0D522B38}.Debug|Any CPU.ActiveCfg = Debug|Any CPU
		{413DB0C1-CED1-4929-BBE9-926A0D522B38}.Debug|Any CPU.Build.0 = Debug|Any CPU
		{413DB0C1-CED1-4929-BBE9-926A0D522B38}.Release|Any CPU.ActiveCfg = Release|Any CPU
		{413DB0C1-CED1-4929-BBE9-926A0D522B38}.Release|Any CPU.Build.0 = Release|Any CPU
		{D68F773F-1EB3-DDFB-12CA-094E8BC94581}.Debug|Any CPU.ActiveCfg = Debug|Any CPU
		{D68F773F-1EB3-DDFB-12CA-094E8BC94581}.Debug|Any CPU.Build.0 = Debug|Any CPU
		{D68F773F-1EB3-DDFB-12CA-094E8BC94581}.Release|Any CPU.ActiveCfg = Release|Any CPU
		{D68F773F-1EB3-DDFB-12CA-094E8BC94581}.Release|Any CPU.Build.0 = Release|Any CPU
		{2C458C9C-076E-4734-96BB-B9B8C8BA682E}.Debug|Any CPU.ActiveCfg = Debug|Any CPU
		{2C458C9C-076E-4734-96BB-B9B8C8BA682E}.Debug|Any CPU.Build.0 = Debug|Any CPU
		{2C458C9C-076E-4734-96BB-B9B8C8BA682E}.Release|Any CPU.ActiveCfg = Release|Any CPU
		{2C458C9C-076E-4734-96BB-B9B8C8BA682E}.Release|Any CPU.Build.0 = Release|Any CPU
	EndGlobalSection
	GlobalSection(SolutionProperties) = preSolution
		HideSolutionNode = FALSE
	EndGlobalSection
	GlobalSection(NestedProjects) = preSolution
		{8F3295AB-6E81-4898-955E-3BB8161EE9CC} = {02EA681E-C7D8-13C7-8484-4AC65E1B71E8}
		{1347F63F-D0C1-4380-9D83-A82ED43397EE} = {02EA681E-C7D8-13C7-8484-4AC65E1B71E8}
		{659DD692-A01B-44A7-B055-46356B030075} = {02EA681E-C7D8-13C7-8484-4AC65E1B71E8}
		{7B8F1375-BFA0-480A-8CF0-0A5BACB84D88} = {02EA681E-C7D8-13C7-8484-4AC65E1B71E8}
		{06F8B0B2-E191-48BD-B7A3-367FF62D6A1F} = {02EA681E-C7D8-13C7-8484-4AC65E1B71E8}
		{51D7F3C1-8649-45E0-840B-C80CC99C4F70} = {02EA681E-C7D8-13C7-8484-4AC65E1B71E8}
		{E2E80950-3500-4C60-B4CD-3DC8D4FC1F89} = {02EA681E-C7D8-13C7-8484-4AC65E1B71E8}
		{B30EAEF4-407A-4F0F-BE1B-0EB2D111CCCF} = {02EA681E-C7D8-13C7-8484-4AC65E1B71E8}
		{413DB0C1-CED1-4929-BBE9-926A0D522B38} = {02EA681E-C7D8-13C7-8484-4AC65E1B71E8}
		{D68F773F-1EB3-DDFB-12CA-094E8BC94581} = {02EA681E-C7D8-13C7-8484-4AC65E1B71E8}
		{2C458C9C-076E-4734-96BB-B9B8C8BA682E} = {7D12E011-85AE-4B32-9897-70258C61D3CA}
	EndGlobalSection
	GlobalSection(ExtensibilityGlobals) = postSolution
		SolutionGuid = {66B2D263-08ED-4CA7-A54C-16EB08A3CAE0}
	EndGlobalSection
EndGlobal
